
Microsoft Visual Studio Solution File, Format Version 12.00
# Visual Studio 15
VisualStudioVersion = 15.0.28010.2046
MinimumVisualStudioVersion = 10.0.40219.1
Project("{FAE04EC0-301F-11D3-BF4B-00C04F79EFBC}") = "GodsOfCalamity", "GodsOfCalamity\GodsOfCalamity.csproj", "{EACE8740-EA27-4C32-93B9-6735B8081059}"
EndProject
Project("{FAE04EC0-301F-11D3-BF4B-00C04F79EFBC}") = "GameUnitTestProject", "GameUnitTestProject\GameUnitTestProject.csproj", "{7DBE1BD5-FB01-4BD4-A067-ECA02C56FEC3}"
EndProject
Global
	GlobalSection(SolutionConfigurationPlatforms) = preSolution
		Debug|ARM = Debug|ARM
		Debug|x64 = Debug|x64
		Debug|x86 = Debug|x86
		Release|ARM = Release|ARM
		Release|x64 = Release|x64
		Release|x86 = Release|x86
	EndGlobalSection
	GlobalSection(ProjectConfigurationPlatforms) = postSolution
		{EACE8740-EA27-4C32-93B9-6735B8081059}.Debug|ARM.ActiveCfg = Debug|ARM
		{EACE8740-EA27-4C32-93B9-6735B8081059}.Debug|ARM.Build.0 = Debug|ARM
		{EACE8740-EA27-4C32-93B9-6735B8081059}.Debug|ARM.Deploy.0 = Debug|ARM
		{EACE8740-EA27-4C32-93B9-6735B8081059}.Debug|x64.ActiveCfg = Debug|x64
		{EACE8740-EA27-4C32-93B9-6735B8081059}.Debug|x64.Build.0 = Debug|x64
		{EACE8740-EA27-4C32-93B9-6735B8081059}.Debug|x64.Deploy.0 = Debug|x64
		{EACE8740-EA27-4C32-93B9-6735B8081059}.Debug|x86.ActiveCfg = Debug|x86
		{EACE8740-EA27-4C32-93B9-6735B8081059}.Debug|x86.Build.0 = Debug|x86
		{EACE8740-EA27-4C32-93B9-6735B8081059}.Debug|x86.Deploy.0 = Debug|x86
		{EACE8740-EA27-4C32-93B9-6735B8081059}.Release|ARM.ActiveCfg = Release|ARM
		{EACE8740-EA27-4C32-93B9-6735B8081059}.Release|ARM.Build.0 = Release|ARM
		{EACE8740-EA27-4C32-93B9-6735B8081059}.Release|ARM.Deploy.0 = Release|ARM
		{EACE8740-EA27-4C32-93B9-6735B8081059}.Release|x64.ActiveCfg = Release|x64
		{EACE8740-EA27-4C32-93B9-6735B8081059}.Release|x64.Build.0 = Release|x64
		{EACE8740-EA27-4C32-93B9-6735B8081059}.Release|x64.Deploy.0 = Release|x64
		{EACE8740-EA27-4C32-93B9-6735B8081059}.Release|x86.ActiveCfg = Release|x86
		{EACE8740-EA27-4C32-93B9-6735B8081059}.Release|x86.Build.0 = Release|x86
		{EACE8740-EA27-4C32-93B9-6735B8081059}.Release|x86.Deploy.0 = Release|x86
		{7DBE1BD5-FB01-4BD4-A067-ECA02C56FEC3}.Debug|ARM.ActiveCfg = Debug|ARM
		{7DBE1BD5-FB01-4BD4-A067-ECA02C56FEC3}.Debug|ARM.Build.0 = Debug|ARM
		{7DBE1BD5-FB01-4BD4-A067-ECA02C56FEC3}.Debug|ARM.Deploy.0 = Debug|ARM
		{7DBE1BD5-FB01-4BD4-A067-ECA02C56FEC3}.Debug|x64.ActiveCfg = Debug|x64
		{7DBE1BD5-FB01-4BD4-A067-ECA02C56FEC3}.Debug|x64.Build.0 = Debug|x64
		{7DBE1BD5-FB01-4BD4-A067-ECA02C56FEC3}.Debug|x64.Deploy.0 = Debug|x64
		{7DBE1BD5-FB01-4BD4-A067-ECA02C56FEC3}.Debug|x86.ActiveCfg = Debug|x86
		{7DBE1BD5-FB01-4BD4-A067-ECA02C56FEC3}.Debug|x86.Build.0 = Debug|x86
		{7DBE1BD5-FB01-4BD4-A067-ECA02C56FEC3}.Debug|x86.Deploy.0 = Debug|x86
		{7DBE1BD5-FB01-4BD4-A067-ECA02C56FEC3}.Release|ARM.ActiveCfg = Release|ARM
		{7DBE1BD5-FB01-4BD4-A067-ECA02C56FEC3}.Release|ARM.Build.0 = Release|ARM
		{7DBE1BD5-FB01-4BD4-A067-ECA02C56FEC3}.Release|ARM.Deploy.0 = Release|ARM
		{7DBE1BD5-FB01-4BD4-A067-ECA02C56FEC3}.Release|x64.ActiveCfg = Release|x64
		{7DBE1BD5-FB01-4BD4-A067-ECA02C56FEC3}.Release|x64.Build.0 = Release|x64
		{7DBE1BD5-FB01-4BD4-A067-ECA02C56FEC3}.Release|x64.Deploy.0 = Release|x64
		{7DBE1BD5-FB01-4BD4-A067-ECA02C56FEC3}.Release|x86.ActiveCfg = Release|x86
		{7DBE1BD5-FB01-4BD4-A067-ECA02C56FEC3}.Release|x86.Build.0 = Release|x86
		{7DBE1BD5-FB01-4BD4-A067-ECA02C56FEC3}.Release|x86.Deploy.0 = Release|x86
	EndGlobalSection
	GlobalSection(SolutionProperties) = preSolution
		HideSolutionNode = FALSE
	EndGlobalSection
	GlobalSection(ExtensibilityGlobals) = postSolution
		SolutionGuid = {E75123C3-3B24-42D6-83FE-DE62C9D0425A}
	EndGlobalSection
EndGlobal
